// !$*UTF8*$!
{
	archiveVersion = 1;
	classes = {
	};
	objectVersion = 56;
	objects = {

/* Begin PBXBuildFile section */
		F13F07B22A8AC9E600848C7B /* NetworkManager.swift in Sources */ = {isa = PBXBuildFile; fileRef = F13F07B12A8AC9E600848C7B /* NetworkManager.swift */; };
		F13F07B52A8ADC4700848C7B /* GFError.swift in Sources */ = {isa = PBXBuildFile; fileRef = F13F07B42A8ADC4700848C7B /* GFError.swift */; };
		F13F07B82A8B050500848C7B /* FollowerCell.swift in Sources */ = {isa = PBXBuildFile; fileRef = F13F07B72A8B050500848C7B /* FollowerCell.swift */; };
		F13F07BA2A8B058600848C7B /* GFAvatarImageView.swift in Sources */ = {isa = PBXBuildFile; fileRef = F13F07B92A8B058600848C7B /* GFAvatarImageView.swift */; };
		F1482A182A844D9800928153 /* SearchVC.swift in Sources */ = {isa = PBXBuildFile; fileRef = F1482A172A844D9800928153 /* SearchVC.swift */; };
		F1482A1A2A844DF800928153 /* FavoritesListVC.swift in Sources */ = {isa = PBXBuildFile; fileRef = F1482A192A844DF800928153 /* FavoritesListVC.swift */; };
		F1482A1C2A8459CB00928153 /* GFButton.swift in Sources */ = {isa = PBXBuildFile; fileRef = F1482A1B2A8459CB00928153 /* GFButton.swift */; };
		F1482A1E2A845C8A00928153 /* GFTextField.swift in Sources */ = {isa = PBXBuildFile; fileRef = F1482A1D2A845C8A00928153 /* GFTextField.swift */; };
		F17170982A8981480085694D /* User.swift in Sources */ = {isa = PBXBuildFile; fileRef = F17170972A8981480085694D /* User.swift */; };
		F171709A2A89819A0085694D /* Follower.swift in Sources */ = {isa = PBXBuildFile; fileRef = F17170992A89819A0085694D /* Follower.swift */; };
		F17C4B402A88502B002401E6 /* FollowerListVC.swift in Sources */ = {isa = PBXBuildFile; fileRef = F17C4B3F2A88502B002401E6 /* FollowerListVC.swift */; };
		F19893742A8EDC5A00572DDD /* FollowerView.swift in Sources */ = {isa = PBXBuildFile; fileRef = F19893732A8EDC5A00572DDD /* FollowerView.swift */; };
		F1D4989F2A88F78F007118BA /* GFTitleLabel.swift in Sources */ = {isa = PBXBuildFile; fileRef = F1D4989E2A88F78F007118BA /* GFTitleLabel.swift */; };
		F1D498A12A88F93C007118BA /* GFBodyLabel.swift in Sources */ = {isa = PBXBuildFile; fileRef = F1D498A02A88F93C007118BA /* GFBodyLabel.swift */; };
		F1D498A32A88FA30007118BA /* GFAlertVC.swift in Sources */ = {isa = PBXBuildFile; fileRef = F1D498A22A88FA30007118BA /* GFAlertVC.swift */; };
		F1D498A52A89010A007118BA /* UIViewController+Ext.swift in Sources */ = {isa = PBXBuildFile; fileRef = F1D498A42A89010A007118BA /* UIViewController+Ext.swift */; };
		F1E4B01E2A83030A003BE4B0 /* AppDelegate.swift in Sources */ = {isa = PBXBuildFile; fileRef = F1E4B01D2A83030A003BE4B0 /* AppDelegate.swift */; };
		F1E4B0202A83030A003BE4B0 /* SceneDelegate.swift in Sources */ = {isa = PBXBuildFile; fileRef = F1E4B01F2A83030A003BE4B0 /* SceneDelegate.swift */; };
		F1E4B0272A83030B003BE4B0 /* Assets.xcassets in Resources */ = {isa = PBXBuildFile; fileRef = F1E4B0262A83030B003BE4B0 /* Assets.xcassets */; };
		F1E4B02A2A83030B003BE4B0 /* LaunchScreen.storyboard in Resources */ = {isa = PBXBuildFile; fileRef = F1E4B0282A83030B003BE4B0 /* LaunchScreen.storyboard */; };
/* End PBXBuildFile section */

/* Begin PBXFileReference section */
		F13F07B12A8AC9E600848C7B /* NetworkManager.swift */ = {isa = PBXFileReference; lastKnownFileType = sourcecode.swift; path = NetworkManager.swift; sourceTree = "<group>"; };
		F13F07B42A8ADC4700848C7B /* GFError.swift */ = {isa = PBXFileReference; lastKnownFileType = sourcecode.swift; path = GFError.swift; sourceTree = "<group>"; };
		F13F07B72A8B050500848C7B /* FollowerCell.swift */ = {isa = PBXFileReference; lastKnownFileType = sourcecode.swift; path = FollowerCell.swift; sourceTree = "<group>"; };
		F13F07B92A8B058600848C7B /* GFAvatarImageView.swift */ = {isa = PBXFileReference; lastKnownFileType = sourcecode.swift; path = GFAvatarImageView.swift; sourceTree = "<group>"; };
		F1482A172A844D9800928153 /* SearchVC.swift */ = {isa = PBXFileReference; lastKnownFileType = sourcecode.swift; path = SearchVC.swift; sourceTree = "<group>"; };
		F1482A192A844DF800928153 /* FavoritesListVC.swift */ = {isa = PBXFileReference; lastKnownFileType = sourcecode.swift; path = FavoritesListVC.swift; sourceTree = "<group>"; };
		F1482A1B2A8459CB00928153 /* GFButton.swift */ = {isa = PBXFileReference; lastKnownFileType = sourcecode.swift; path = GFButton.swift; sourceTree = "<group>"; };
		F1482A1D2A845C8A00928153 /* GFTextField.swift */ = {isa = PBXFileReference; lastKnownFileType = sourcecode.swift; path = GFTextField.swift; sourceTree = "<group>"; };
		F17170972A8981480085694D /* User.swift */ = {isa = PBXFileReference; lastKnownFileType = sourcecode.swift; path = User.swift; sourceTree = "<group>"; };
		F17170992A89819A0085694D /* Follower.swift */ = {isa = PBXFileReference; lastKnownFileType = sourcecode.swift; path = Follower.swift; sourceTree = "<group>"; };
		F17C4B3F2A88502B002401E6 /* FollowerListVC.swift */ = {isa = PBXFileReference; lastKnownFileType = sourcecode.swift; path = FollowerListVC.swift; sourceTree = "<group>"; };
		F19893732A8EDC5A00572DDD /* FollowerView.swift */ = {isa = PBXFileReference; lastKnownFileType = sourcecode.swift; path = FollowerView.swift; sourceTree = "<group>"; };
		F1D4989E2A88F78F007118BA /* GFTitleLabel.swift */ = {isa = PBXFileReference; lastKnownFileType = sourcecode.swift; path = GFTitleLabel.swift; sourceTree = "<group>"; };
		F1D498A02A88F93C007118BA /* GFBodyLabel.swift */ = {isa = PBXFileReference; lastKnownFileType = sourcecode.swift; path = GFBodyLabel.swift; sourceTree = "<group>"; };
		F1D498A22A88FA30007118BA /* GFAlertVC.swift */ = {isa = PBXFileReference; lastKnownFileType = sourcecode.swift; path = GFAlertVC.swift; sourceTree = "<group>"; };
		F1D498A42A89010A007118BA /* UIViewController+Ext.swift */ = {isa = PBXFileReference; lastKnownFileType = sourcecode.swift; path = "UIViewController+Ext.swift"; sourceTree = "<group>"; };
		F1E4B01A2A83030A003BE4B0 /* GithubFollowers.app */ = {isa = PBXFileReference; explicitFileType = wrapper.application; includeInIndex = 0; path = GithubFollowers.app; sourceTree = BUILT_PRODUCTS_DIR; };
		F1E4B01D2A83030A003BE4B0 /* AppDelegate.swift */ = {isa = PBXFileReference; lastKnownFileType = sourcecode.swift; path = AppDelegate.swift; sourceTree = "<group>"; };
		F1E4B01F2A83030A003BE4B0 /* SceneDelegate.swift */ = {isa = PBXFileReference; lastKnownFileType = sourcecode.swift; path = SceneDelegate.swift; sourceTree = "<group>"; };
		F1E4B0262A83030B003BE4B0 /* Assets.xcassets */ = {isa = PBXFileReference; lastKnownFileType = folder.assetcatalog; path = Assets.xcassets; sourceTree = "<group>"; };
		F1E4B0292A83030B003BE4B0 /* Base */ = {isa = PBXFileReference; lastKnownFileType = file.storyboard; name = Base; path = Base.lproj/LaunchScreen.storyboard; sourceTree = "<group>"; };
		F1E4B02B2A83030B003BE4B0 /* Info.plist */ = {isa = PBXFileReference; lastKnownFileType = text.plist.xml; name = Info.plist; path = GithubFollowers/Supports/Info.plist; sourceTree = SOURCE_ROOT; };
/* End PBXFileReference section */

/* Begin PBXFrameworksBuildPhase section */
		F1E4B0172A83030A003BE4B0 /* Frameworks */ = {
			isa = PBXFrameworksBuildPhase;
			buildActionMask = 2147483647;
			files = (
			);
			runOnlyForDeploymentPostprocessing = 0;
		};
/* End PBXFrameworksBuildPhase section */

/* Begin PBXGroup section */
		F13F07B02A8AC9D800848C7B /* Managers */ = {
			isa = PBXGroup;
			children = (
				F13F07B12A8AC9E600848C7B /* NetworkManager.swift */,
			);
			path = Managers;
			sourceTree = "<group>";
		};
		F13F07B32A8ADC3C00848C7B /* Utilities */ = {
			isa = PBXGroup;
			children = (
				F13F07B42A8ADC4700848C7B /* GFError.swift */,
			);
			path = Utilities;
			sourceTree = "<group>";
		};
		F13F07B62A8B04EB00848C7B /* Cells */ = {
			isa = PBXGroup;
			children = (
				F19893722A8EDC4900572DDD /* FollowerCell */,
			);
			path = Cells;
			sourceTree = "<group>";
		};
		F13F07BB2A8B06C400848C7B /* Labels */ = {
			isa = PBXGroup;
			children = (
				F1D4989E2A88F78F007118BA /* GFTitleLabel.swift */,
				F1D498A02A88F93C007118BA /* GFBodyLabel.swift */,
			);
			path = Labels;
			sourceTree = "<group>";
		};
		F13F07BC2A8B06CD00848C7B /* Buttons */ = {
			isa = PBXGroup;
			children = (
				F1482A1B2A8459CB00928153 /* GFButton.swift */,
			);
			path = Buttons;
			sourceTree = "<group>";
		};
		F13F07BD2A8B06D800848C7B /* TextFields */ = {
			isa = PBXGroup;
			children = (
				F1482A1D2A845C8A00928153 /* GFTextField.swift */,
			);
			path = TextFields;
			sourceTree = "<group>";
		};
		F13F07BE2A8B06E400848C7B /* Images */ = {
			isa = PBXGroup;
			children = (
				F13F07B92A8B058600848C7B /* GFAvatarImageView.swift */,
			);
			path = Images;
			sourceTree = "<group>";
		};
		F13F07BF2A8B06EB00848C7B /* Alerts */ = {
			isa = PBXGroup;
			children = (
				F1D498A22A88FA30007118BA /* GFAlertVC.swift */,
			);
			path = Alerts;
			sourceTree = "<group>";
		};
		F17170962A89813F0085694D /* Models */ = {
			isa = PBXGroup;
			children = (
				F17170972A8981480085694D /* User.swift */,
				F17170992A89819A0085694D /* Follower.swift */,
			);
			path = Models;
			sourceTree = "<group>";
		};
		F19893722A8EDC4900572DDD /* FollowerCell */ = {
			isa = PBXGroup;
			children = (
				F13F07B72A8B050500848C7B /* FollowerCell.swift */,
				F19893732A8EDC5A00572DDD /* FollowerView.swift */,
			);
			path = FollowerCell;
			sourceTree = "<group>";
		};
		F1D498A62A890EEC007118BA /* Extensions */ = {
			isa = PBXGroup;
			children = (
				F1D498A42A89010A007118BA /* UIViewController+Ext.swift */,
			);
			path = Extensions;
			sourceTree = "<group>";
		};
		F1D498A72A890F25007118BA /* Screens */ = {
			isa = PBXGroup;
			children = (
				F1482A192A844DF800928153 /* FavoritesListVC.swift */,
				F1482A172A844D9800928153 /* SearchVC.swift */,
				F17C4B3F2A88502B002401E6 /* FollowerListVC.swift */,
			);
			path = Screens;
			sourceTree = "<group>";
		};
		F1D498A82A890F3B007118BA /* Custom Views */ = {
			isa = PBXGroup;
			children = (
				F13F07BF2A8B06EB00848C7B /* Alerts */,
				F13F07BE2A8B06E400848C7B /* Images */,
				F13F07BD2A8B06D800848C7B /* TextFields */,
				F13F07BC2A8B06CD00848C7B /* Buttons */,
				F13F07BB2A8B06C400848C7B /* Labels */,
				F13F07B62A8B04EB00848C7B /* Cells */,
			);
			path = "Custom Views";
			sourceTree = "<group>";
		};
		F1D498A92A890F62007118BA /* Supports */ = {
			isa = PBXGroup;
			children = (
				F1E4B01D2A83030A003BE4B0 /* AppDelegate.swift */,
				F1E4B01F2A83030A003BE4B0 /* SceneDelegate.swift */,
				F1E4B0262A83030B003BE4B0 /* Assets.xcassets */,
				F1E4B0282A83030B003BE4B0 /* LaunchScreen.storyboard */,
				F1E4B02B2A83030B003BE4B0 /* Info.plist */,
			);
			path = Supports;
			sourceTree = "<group>";
		};
		F1E4B0112A83030A003BE4B0 = {
			isa = PBXGroup;
			children = (
				F1E4B01C2A83030A003BE4B0 /* GithubFollowers */,
				F1E4B01B2A83030A003BE4B0 /* Products */,
			);
			sourceTree = "<group>";
		};
		F1E4B01B2A83030A003BE4B0 /* Products */ = {
			isa = PBXGroup;
			children = (
				F1E4B01A2A83030A003BE4B0 /* GithubFollowers.app */,
			);
			name = Products;
			sourceTree = "<group>";
		};
		F1E4B01C2A83030A003BE4B0 /* GithubFollowers */ = {
			isa = PBXGroup;
			children = (
				F1D498A92A890F62007118BA /* Supports */,
				F13F07B32A8ADC3C00848C7B /* Utilities */,
				F13F07B02A8AC9D800848C7B /* Managers */,
				F17170962A89813F0085694D /* Models */,
				F1D498A62A890EEC007118BA /* Extensions */,
				F1D498A82A890F3B007118BA /* Custom Views */,
				F1D498A72A890F25007118BA /* Screens */,
			);
			path = GithubFollowers;
			sourceTree = "<group>";
		};
/* End PBXGroup section */

/* Begin PBXNativeTarget section */
		F1E4B0192A83030A003BE4B0 /* GithubFollowers */ = {
			isa = PBXNativeTarget;
			buildConfigurationList = F1E4B02E2A83030B003BE4B0 /* Build configuration list for PBXNativeTarget "GithubFollowers" */;
			buildPhases = (
				F1E4B0162A83030A003BE4B0 /* Sources */,
				F1E4B0172A83030A003BE4B0 /* Frameworks */,
				F1E4B0182A83030A003BE4B0 /* Resources */,
			);
			buildRules = (
			);
			dependencies = (
			);
			name = GithubFollowers;
			productName = GithubFollowers;
			productReference = F1E4B01A2A83030A003BE4B0 /* GithubFollowers.app */;
			productType = "com.apple.product-type.application";
		};
/* End PBXNativeTarget section */

/* Begin PBXProject section */
		F1E4B0122A83030A003BE4B0 /* Project object */ = {
			isa = PBXProject;
			attributes = {
				BuildIndependentTargetsInParallel = 1;
				LastSwiftUpdateCheck = 1430;
				LastUpgradeCheck = 1430;
				TargetAttributes = {
					F1E4B0192A83030A003BE4B0 = {
						CreatedOnToolsVersion = 14.3.1;
					};
				};
			};
			buildConfigurationList = F1E4B0152A83030A003BE4B0 /* Build configuration list for PBXProject "GithubFollowers" */;
			compatibilityVersion = "Xcode 14.0";
			developmentRegion = en;
			hasScannedForEncodings = 0;
			knownRegions = (
				en,
				Base,
			);
			mainGroup = F1E4B0112A83030A003BE4B0;
			productRefGroup = F1E4B01B2A83030A003BE4B0 /* Products */;
			projectDirPath = "";
			projectRoot = "";
			targets = (
				F1E4B0192A83030A003BE4B0 /* GithubFollowers */,
			);
		};
/* End PBXProject section */

/* Begin PBXResourcesBuildPhase section */
		F1E4B0182A83030A003BE4B0 /* Resources */ = {
			isa = PBXResourcesBuildPhase;
			buildActionMask = 2147483647;
			files = (
				F1E4B02A2A83030B003BE4B0 /* LaunchScreen.storyboard in Resources */,
				F1E4B0272A83030B003BE4B0 /* Assets.xcassets in Resources */,
			);
			runOnlyForDeploymentPostprocessing = 0;
		};
/* End PBXResourcesBuildPhase section */

/* Begin PBXSourcesBuildPhase section */
		F1E4B0162A83030A003BE4B0 /* Sources */ = {
			isa = PBXSourcesBuildPhase;
			buildActionMask = 2147483647;
			files = (
				F1482A1E2A845C8A00928153 /* GFTextField.swift in Sources */,
				F1482A1A2A844DF800928153 /* FavoritesListVC.swift in Sources */,
				F1482A1C2A8459CB00928153 /* GFButton.swift in Sources */,
				F1D498A52A89010A007118BA /* UIViewController+Ext.swift in Sources */,
				F1482A182A844D9800928153 /* SearchVC.swift in Sources */,
				F13F07BA2A8B058600848C7B /* GFAvatarImageView.swift in Sources */,
				F1D498A32A88FA30007118BA /* GFAlertVC.swift in Sources */,
				F1D498A12A88F93C007118BA /* GFBodyLabel.swift in Sources */,
				F13F07B82A8B050500848C7B /* FollowerCell.swift in Sources */,
				F13F07B52A8ADC4700848C7B /* GFError.swift in Sources */,
				F171709A2A89819A0085694D /* Follower.swift in Sources */,
				F1D4989F2A88F78F007118BA /* GFTitleLabel.swift in Sources */,
				F19893742A8EDC5A00572DDD /* FollowerView.swift in Sources */,
				F17170982A8981480085694D /* User.swift in Sources */,
				F13F07B22A8AC9E600848C7B /* NetworkManager.swift in Sources */,
				F17C4B402A88502B002401E6 /* FollowerListVC.swift in Sources */,
				F1E4B01E2A83030A003BE4B0 /* AppDelegate.swift in Sources */,
				F1E4B0202A83030A003BE4B0 /* SceneDelegate.swift in Sources */,
			);
			runOnlyForDeploymentPostprocessing = 0;
		};
/* End PBXSourcesBuildPhase section */

/* Begin PBXVariantGroup section */
		F1E4B0282A83030B003BE4B0 /* LaunchScreen.storyboard */ = {
			isa = PBXVariantGroup;
			children = (
				F1E4B0292A83030B003BE4B0 /* Base */,
			);
			name = LaunchScreen.storyboard;
			sourceTree = "<group>";
		};
/* End PBXVariantGroup section */

/* Begin XCBuildConfiguration section */
		F1E4B02C2A83030B003BE4B0 /* Debug */ = {
			isa = XCBuildConfiguration;
			buildSettings = {
				ALWAYS_SEARCH_USER_PATHS = NO;
				CLANG_ANALYZER_NONNULL = YES;
				CLANG_ANALYZER_NUMBER_OBJECT_CONVERSION = YES_AGGRESSIVE;
				CLANG_CXX_LANGUAGE_STANDARD = "gnu++20";
				CLANG_ENABLE_MODULES = YES;
				CLANG_ENABLE_OBJC_ARC = YES;
				CLANG_ENABLE_OBJC_WEAK = YES;
				CLANG_WARN_BLOCK_CAPTURE_AUTORELEASING = YES;
				CLANG_WARN_BOOL_CONVERSION = YES;
				CLANG_WARN_COMMA = YES;
				CLANG_WARN_CONSTANT_CONVERSION = YES;
				CLANG_WARN_DEPRECATED_OBJC_IMPLEMENTATIONS = YES;
				CLANG_WARN_DIRECT_OBJC_ISA_USAGE = YES_ERROR;
				CLANG_WARN_DOCUMENTATION_COMMENTS = YES;
				CLANG_WARN_EMPTY_BODY = YES;
				CLANG_WARN_ENUM_CONVERSION = YES;
				CLANG_WARN_INFINITE_RECURSION = YES;
				CLANG_WARN_INT_CONVERSION = YES;
				CLANG_WARN_NON_LITERAL_NULL_CONVERSION = YES;
				CLANG_WARN_OBJC_IMPLICIT_RETAIN_SELF = YES;
				CLANG_WARN_OBJC_LITERAL_CONVERSION = YES;
				CLANG_WARN_OBJC_ROOT_CLASS = YES_ERROR;
				CLANG_WARN_QUOTED_INCLUDE_IN_FRAMEWORK_HEADER = YES;
				CLANG_WARN_RANGE_LOOP_ANALYSIS = YES;
				CLANG_WARN_STRICT_PROTOTYPES = YES;
				CLANG_WARN_SUSPICIOUS_MOVE = YES;
				CLANG_WARN_UNGUARDED_AVAILABILITY = YES_AGGRESSIVE;
				CLANG_WARN_UNREACHABLE_CODE = YES;
				CLANG_WARN__DUPLICATE_METHOD_MATCH = YES;
				COPY_PHASE_STRIP = NO;
				DEBUG_INFORMATION_FORMAT = dwarf;
				ENABLE_STRICT_OBJC_MSGSEND = YES;
				ENABLE_TESTABILITY = YES;
				GCC_C_LANGUAGE_STANDARD = gnu11;
				GCC_DYNAMIC_NO_PIC = NO;
				GCC_NO_COMMON_BLOCKS = YES;
				GCC_OPTIMIZATION_LEVEL = 0;
				GCC_PREPROCESSOR_DEFINITIONS = (
					"DEBUG=1",
					"$(inherited)",
				);
				GCC_WARN_64_TO_32_BIT_CONVERSION = YES;
				GCC_WARN_ABOUT_RETURN_TYPE = YES_ERROR;
				GCC_WARN_UNDECLARED_SELECTOR = YES;
				GCC_WARN_UNINITIALIZED_AUTOS = YES_AGGRESSIVE;
				GCC_WARN_UNUSED_FUNCTION = YES;
				GCC_WARN_UNUSED_VARIABLE = YES;
				IPHONEOS_DEPLOYMENT_TARGET = 16.4;
				MTL_ENABLE_DEBUG_INFO = INCLUDE_SOURCE;
				MTL_FAST_MATH = YES;
				ONLY_ACTIVE_ARCH = YES;
				SDKROOT = iphoneos;
				SWIFT_ACTIVE_COMPILATION_CONDITIONS = DEBUG;
				SWIFT_OPTIMIZATION_LEVEL = "-Onone";
			};
			name = Debug;
		};
		F1E4B02D2A83030B003BE4B0 /* Release */ = {
			isa = XCBuildConfiguration;
			buildSettings = {
				ALWAYS_SEARCH_USER_PATHS = NO;
				CLANG_ANALYZER_NONNULL = YES;
				CLANG_ANALYZER_NUMBER_OBJECT_CONVERSION = YES_AGGRESSIVE;
				CLANG_CXX_LANGUAGE_STANDARD = "gnu++20";
				CLANG_ENABLE_MODULES = YES;
				CLANG_ENABLE_OBJC_ARC = YES;
				CLANG_ENABLE_OBJC_WEAK = YES;
				CLANG_WARN_BLOCK_CAPTURE_AUTORELEASING = YES;
				CLANG_WARN_BOOL_CONVERSION = YES;
				CLANG_WARN_COMMA = YES;
				CLANG_WARN_CONSTANT_CONVERSION = YES;
				CLANG_WARN_DEPRECATED_OBJC_IMPLEMENTATIONS = YES;
				CLANG_WARN_DIRECT_OBJC_ISA_USAGE = YES_ERROR;
				CLANG_WARN_DOCUMENTATION_COMMENTS = YES;
				CLANG_WARN_EMPTY_BODY = YES;
				CLANG_WARN_ENUM_CONVERSION = YES;
				CLANG_WARN_INFINITE_RECURSION = YES;
				CLANG_WARN_INT_CONVERSION = YES;
				CLANG_WARN_NON_LITERAL_NULL_CONVERSION = YES;
				CLANG_WARN_OBJC_IMPLICIT_RETAIN_SELF = YES;
				CLANG_WARN_OBJC_LITERAL_CONVERSION = YES;
				CLANG_WARN_OBJC_ROOT_CLASS = YES_ERROR;
				CLANG_WARN_QUOTED_INCLUDE_IN_FRAMEWORK_HEADER = YES;
				CLANG_WARN_RANGE_LOOP_ANALYSIS = YES;
				CLANG_WARN_STRICT_PROTOTYPES = YES;
				CLANG_WARN_SUSPICIOUS_MOVE = YES;
				CLANG_WARN_UNGUARDED_AVAILABILITY = YES_AGGRESSIVE;
				CLANG_WARN_UNREACHABLE_CODE = YES;
				CLANG_WARN__DUPLICATE_METHOD_MATCH = YES;
				COPY_PHASE_STRIP = NO;
				DEBUG_INFORMATION_FORMAT = "dwarf-with-dsym";
				ENABLE_NS_ASSERTIONS = NO;
				ENABLE_STRICT_OBJC_MSGSEND = YES;
				GCC_C_LANGUAGE_STANDARD = gnu11;
				GCC_NO_COMMON_BLOCKS = YES;
				GCC_WARN_64_TO_32_BIT_CONVERSION = YES;
				GCC_WARN_ABOUT_RETURN_TYPE = YES_ERROR;
				GCC_WARN_UNDECLARED_SELECTOR = YES;
				GCC_WARN_UNINITIALIZED_AUTOS = YES_AGGRESSIVE;
				GCC_WARN_UNUSED_FUNCTION = YES;
				GCC_WARN_UNUSED_VARIABLE = YES;
				IPHONEOS_DEPLOYMENT_TARGET = 16.4;
				MTL_ENABLE_DEBUG_INFO = NO;
				MTL_FAST_MATH = YES;
				SDKROOT = iphoneos;
				SWIFT_COMPILATION_MODE = wholemodule;
				SWIFT_OPTIMIZATION_LEVEL = "-O";
				VALIDATE_PRODUCT = YES;
			};
			name = Release;
		};
		F1E4B02F2A83030B003BE4B0 /* Debug */ = {
			isa = XCBuildConfiguration;
			buildSettings = {
				ASSETCATALOG_COMPILER_APPICON_NAME = AppIcon;
				ASSETCATALOG_COMPILER_GLOBAL_ACCENT_COLOR_NAME = AccentColor;
				CODE_SIGN_STYLE = Automatic;
				CURRENT_PROJECT_VERSION = 1;
				DEVELOPMENT_TEAM = T6938DY6DS;
				GENERATE_INFOPLIST_FILE = YES;
				INFOPLIST_FILE = GithubFollowers/Supports/Info.plist;
				INFOPLIST_KEY_UIApplicationSupportsIndirectInputEvents = YES;
				INFOPLIST_KEY_UILaunchStoryboardName = LaunchScreen;
				INFOPLIST_KEY_UIStatusBarStyle = "";
				INFOPLIST_KEY_UISupportedInterfaceOrientations = UIInterfaceOrientationPortrait;
				LD_RUNPATH_SEARCH_PATHS = (
					"$(inherited)",
					"@executable_path/Frameworks",
				);
				MARKETING_VERSION = 1.0;
				PRODUCT_BUNDLE_IDENTIFIER = com.archeva.GithubFollowers;
				PRODUCT_NAME = "$(TARGET_NAME)";
				SUPPORTED_PLATFORMS = "iphoneos iphonesimulator";
				SUPPORTS_MACCATALYST = NO;
				SUPPORTS_MAC_DESIGNED_FOR_IPHONE_IPAD = NO;
				SWIFT_EMIT_LOC_STRINGS = YES;
				SWIFT_VERSION = 5.0;
				TARGETED_DEVICE_FAMILY = 1;
			};
			name = Debug;
		};
		F1E4B0302A83030B003BE4B0 /* Release */ = {
			isa = XCBuildConfiguration;
			buildSettings = {
				ASSETCATALOG_COMPILER_APPICON_NAME = AppIcon;
				ASSETCATALOG_COMPILER_GLOBAL_ACCENT_COLOR_NAME = AccentColor;
				CODE_SIGN_STYLE = Automatic;
				CURRENT_PROJECT_VERSION = 1;
				DEVELOPMENT_TEAM = T6938DY6DS;
				GENERATE_INFOPLIST_FILE = YES;
				INFOPLIST_FILE = GithubFollowers/Supports/Info.plist;
				INFOPLIST_KEY_UIApplicationSupportsIndirectInputEvents = YES;
				INFOPLIST_KEY_UILaunchStoryboardName = LaunchScreen;
				INFOPLIST_KEY_UIStatusBarStyle = "";
				INFOPLIST_KEY_UISupportedInterfaceOrientations = UIInterfaceOrientationPortrait;
				LD_RUNPATH_SEARCH_PATHS = (
					"$(inherited)",
					"@executable_path/Frameworks",
				);
				MARKETING_VERSION = 1.0;
				PRODUCT_BUNDLE_IDENTIFIER = com.archeva.GithubFollowers;
				PRODUCT_NAME = "$(TARGET_NAME)";
				SUPPORTED_PLATFORMS = "iphoneos iphonesimulator";
				SUPPORTS_MACCATALYST = NO;
				SUPPORTS_MAC_DESIGNED_FOR_IPHONE_IPAD = NO;
				SWIFT_EMIT_LOC_STRINGS = YES;
				SWIFT_VERSION = 5.0;
				TARGETED_DEVICE_FAMILY = 1;
			};
			name = Release;
		};
/* End XCBuildConfiguration section */

/* Begin XCConfigurationList section */
		F1E4B0152A83030A003BE4B0 /* Build configuration list for PBXProject "GithubFollowers" */ = {
			isa = XCConfigurationList;
			buildConfigurations = (
				F1E4B02C2A83030B003BE4B0 /* Debug */,
				F1E4B02D2A83030B003BE4B0 /* Release */,
			);
			defaultConfigurationIsVisible = 0;
			defaultConfigurationName = Release;
		};
		F1E4B02E2A83030B003BE4B0 /* Build configuration list for PBXNativeTarget "GithubFollowers" */ = {
			isa = XCConfigurationList;
			buildConfigurations = (
				F1E4B02F2A83030B003BE4B0 /* Debug */,
				F1E4B0302A83030B003BE4B0 /* Release */,
			);
			defaultConfigurationIsVisible = 0;
			defaultConfigurationName = Release;
		};
/* End XCConfigurationList section */
	};
	rootObject = F1E4B0122A83030A003BE4B0 /* Project object */;
}
