// !$*UTF8*$!
{
	archiveVersion = 1;
	classes = {
	};
	objectVersion = 56;
	objects = {

/* Begin PBXBuildFile section */
		F107A1CC2AA1313100A43B12 /* Images.swift in Sources */ = {isa = PBXBuildFile; fileRef = F107A1CB2AA1313100A43B12 /* Images.swift */; };
		F107A1CE2AA1690200A43B12 /* GFAlertContainerView.swift in Sources */ = {isa = PBXBuildFile; fileRef = F107A1CD2AA1690200A43B12 /* GFAlertContainerView.swift */; };
		F107A1D02AA16F8F00A43B12 /* GFDataLoadingVC.swift in Sources */ = {isa = PBXBuildFile; fileRef = F107A1CF2AA16F8F00A43B12 /* GFDataLoadingVC.swift */; };
		F130900A2AB6710100E1B2C3 /* UITableView+Ext.swift in Sources */ = {isa = PBXBuildFile; fileRef = F13090092AB6710100E1B2C3 /* UITableView+Ext.swift */; };
		F1320D4C2AB8974E00D930B2 /* SettingsVC.swift in Sources */ = {isa = PBXBuildFile; fileRef = F1320D4B2AB8974E00D930B2 /* SettingsVC.swift */; };
		F13F07B22A8AC9E600848C7B /* NetworkManager.swift in Sources */ = {isa = PBXBuildFile; fileRef = F13F07B12A8AC9E600848C7B /* NetworkManager.swift */; };
		F13F07B52A8ADC4700848C7B /* GFError.swift in Sources */ = {isa = PBXBuildFile; fileRef = F13F07B42A8ADC4700848C7B /* GFError.swift */; };
		F13F07B82A8B050500848C7B /* FollowerCell.swift in Sources */ = {isa = PBXBuildFile; fileRef = F13F07B72A8B050500848C7B /* FollowerCell.swift */; };
		F13F07BA2A8B058600848C7B /* GFAvatarImageView.swift in Sources */ = {isa = PBXBuildFile; fileRef = F13F07B92A8B058600848C7B /* GFAvatarImageView.swift */; };
		F1482A182A844D9800928153 /* SearchVC.swift in Sources */ = {isa = PBXBuildFile; fileRef = F1482A172A844D9800928153 /* SearchVC.swift */; };
		F1482A1A2A844DF800928153 /* FavoritesListVC.swift in Sources */ = {isa = PBXBuildFile; fileRef = F1482A192A844DF800928153 /* FavoritesListVC.swift */; };
		F1482A1C2A8459CB00928153 /* GFButton.swift in Sources */ = {isa = PBXBuildFile; fileRef = F1482A1B2A8459CB00928153 /* GFButton.swift */; };
		F1482A1E2A845C8A00928153 /* GFTextField.swift in Sources */ = {isa = PBXBuildFile; fileRef = F1482A1D2A845C8A00928153 /* GFTextField.swift */; };
		F1662E412A97FD7D0079697B /* GFSecondaryTitleLabel.swift in Sources */ = {isa = PBXBuildFile; fileRef = F1662E402A97FD7D0079697B /* GFSecondaryTitleLabel.swift */; };
		F1662E432A97FDFE0079697B /* GFUserInfoHeaderVC.swift in Sources */ = {isa = PBXBuildFile; fileRef = F1662E422A97FDFE0079697B /* GFUserInfoHeaderVC.swift */; };
		F1662E452A9816090079697B /* SFSymbols.swift in Sources */ = {isa = PBXBuildFile; fileRef = F1662E442A9816090079697B /* SFSymbols.swift */; };
		F17170982A8981480085694D /* User.swift in Sources */ = {isa = PBXBuildFile; fileRef = F17170972A8981480085694D /* User.swift */; };
		F171709A2A89819A0085694D /* Follower.swift in Sources */ = {isa = PBXBuildFile; fileRef = F17170992A89819A0085694D /* Follower.swift */; };
		F17C4B402A88502B002401E6 /* FollowerListVC.swift in Sources */ = {isa = PBXBuildFile; fileRef = F17C4B3F2A88502B002401E6 /* FollowerListVC.swift */; };
		F17D32ED2A940AC4008F19F7 /* UIHelper.swift in Sources */ = {isa = PBXBuildFile; fileRef = F17D32EC2A940AC4008F19F7 /* UIHelper.swift */; };
		F186DEFA2A9A9A1B00D49238 /* GFItemInfoView.swift in Sources */ = {isa = PBXBuildFile; fileRef = F186DEF92A9A9A1B00D49238 /* GFItemInfoView.swift */; };
		F186DEFC2A9A9F0100D49238 /* GFItemInfoVC.swift in Sources */ = {isa = PBXBuildFile; fileRef = F186DEFB2A9A9F0100D49238 /* GFItemInfoVC.swift */; };
		F186DEFE2A9AA23F00D49238 /* GFRepoItemVC.swift in Sources */ = {isa = PBXBuildFile; fileRef = F186DEFD2A9AA23F00D49238 /* GFRepoItemVC.swift */; };
		F186DF002A9AA3D300D49238 /* GFFollwerItemVC.swift in Sources */ = {isa = PBXBuildFile; fileRef = F186DEFF2A9AA3D300D49238 /* GFFollwerItemVC.swift */; };
		F186DF032A9AB0AD00D49238 /* Date+Ext.swift in Sources */ = {isa = PBXBuildFile; fileRef = F186DF022A9AB0AD00D49238 /* Date+Ext.swift */; };
		F186DF082A9ABD2F00D49238 /* URLSchemeTypes.swift in Sources */ = {isa = PBXBuildFile; fileRef = F186DF072A9ABD2E00D49238 /* URLSchemeTypes.swift */; };
		F1960D072A9430C0005BA238 /* GFEmptyStateView.swift in Sources */ = {isa = PBXBuildFile; fileRef = F1960D062A9430C0005BA238 /* GFEmptyStateView.swift */; };
		F19893742A8EDC5A00572DDD /* FollowerView.swift in Sources */ = {isa = PBXBuildFile; fileRef = F19893732A8EDC5A00572DDD /* FollowerView.swift */; };
		F1A9F2832B0FF448008FAC25 /* Localizable.xcstrings in Resources */ = {isa = PBXBuildFile; fileRef = F1A9F2822B0FF448008FAC25 /* Localizable.xcstrings */; };
		F1A9F2852B0FF48D008FAC25 /* InfoPlist.xcstrings in Resources */ = {isa = PBXBuildFile; fileRef = F1A9F2842B0FF48D008FAC25 /* InfoPlist.xcstrings */; };
		F1A9F2872B0FF97C008FAC25 /* ChangeLanguageVC.swift in Sources */ = {isa = PBXBuildFile; fileRef = F1A9F2862B0FF97C008FAC25 /* ChangeLanguageVC.swift */; };
		F1C5250F2ABBAAF600345DFE /* GFThemeCard.swift in Sources */ = {isa = PBXBuildFile; fileRef = F1C5250E2ABBAAF600345DFE /* GFThemeCard.swift */; };
		F1C525112ABBC26200345DFE /* GFLanguageCard.swift in Sources */ = {isa = PBXBuildFile; fileRef = F1C525102ABBC26200345DFE /* GFLanguageCard.swift */; };
		F1C574482AA52CDA004DDD1D /* UIView+Ext.swift in Sources */ = {isa = PBXBuildFile; fileRef = F1C574472AA52CDA004DDD1D /* UIView+Ext.swift */; };
		F1D4989F2A88F78F007118BA /* GFTitleLabel.swift in Sources */ = {isa = PBXBuildFile; fileRef = F1D4989E2A88F78F007118BA /* GFTitleLabel.swift */; };
		F1D498A12A88F93C007118BA /* GFBodyLabel.swift in Sources */ = {isa = PBXBuildFile; fileRef = F1D498A02A88F93C007118BA /* GFBodyLabel.swift */; };
		F1D498A32A88FA30007118BA /* GFAlertVC.swift in Sources */ = {isa = PBXBuildFile; fileRef = F1D498A22A88FA30007118BA /* GFAlertVC.swift */; };
		F1D498A52A89010A007118BA /* UIViewController+Ext.swift in Sources */ = {isa = PBXBuildFile; fileRef = F1D498A42A89010A007118BA /* UIViewController+Ext.swift */; };
		F1D591A62A96E22C007EBC89 /* UserInfoVC.swift in Sources */ = {isa = PBXBuildFile; fileRef = F1D591A52A96E22C007EBC89 /* UserInfoVC.swift */; };
		F1DC111F2A9FF04100CBBA82 /* FavoriteCell.swift in Sources */ = {isa = PBXBuildFile; fileRef = F1DC111E2A9FF04100CBBA82 /* FavoriteCell.swift */; };
		F1DC11222AA0093200CBBA82 /* GFTabBarControler.swift in Sources */ = {isa = PBXBuildFile; fileRef = F1DC11212AA0093200CBBA82 /* GFTabBarControler.swift */; };
		F1DC11242AA0161300CBBA82 /* ScreenSizeAndDeviceTypes.swift in Sources */ = {isa = PBXBuildFile; fileRef = F1DC11232AA0161300CBBA82 /* ScreenSizeAndDeviceTypes.swift */; };
		F1E4B01E2A83030A003BE4B0 /* AppDelegate.swift in Sources */ = {isa = PBXBuildFile; fileRef = F1E4B01D2A83030A003BE4B0 /* AppDelegate.swift */; };
		F1E4B0202A83030A003BE4B0 /* SceneDelegate.swift in Sources */ = {isa = PBXBuildFile; fileRef = F1E4B01F2A83030A003BE4B0 /* SceneDelegate.swift */; };
		F1E4B0272A83030B003BE4B0 /* Assets.xcassets in Resources */ = {isa = PBXBuildFile; fileRef = F1E4B0262A83030B003BE4B0 /* Assets.xcassets */; };
		F1E4B02A2A83030B003BE4B0 /* LaunchScreen.storyboard in Resources */ = {isa = PBXBuildFile; fileRef = F1E4B0282A83030B003BE4B0 /* LaunchScreen.storyboard */; };
		F1E8049C2A9EB93200A8E6F6 /* PersistenceManager.swift in Sources */ = {isa = PBXBuildFile; fileRef = F1E8049B2A9EB93200A8E6F6 /* PersistenceManager.swift */; };
/* End PBXBuildFile section */

/* Begin PBXFileReference section */
		F107A1CB2AA1313100A43B12 /* Images.swift */ = {isa = PBXFileReference; lastKnownFileType = sourcecode.swift; path = Images.swift; sourceTree = "<group>"; };
		F107A1CD2AA1690200A43B12 /* GFAlertContainerView.swift */ = {isa = PBXFileReference; lastKnownFileType = sourcecode.swift; path = GFAlertContainerView.swift; sourceTree = "<group>"; };
		F107A1CF2AA16F8F00A43B12 /* GFDataLoadingVC.swift */ = {isa = PBXFileReference; lastKnownFileType = sourcecode.swift; path = GFDataLoadingVC.swift; sourceTree = "<group>"; };
		F1102F832AE318260080823E /* tr */ = {isa = PBXFileReference; lastKnownFileType = text.plist.strings; name = tr; path = tr.lproj/LaunchScreen.strings; sourceTree = "<group>"; };
		F1102F8A2AE326940080823E /* tr */ = {isa = PBXFileReference; lastKnownFileType = file.storyboard; name = tr; path = tr.lproj/LaunchScreen.storyboard; sourceTree = "<group>"; };
		F13090092AB6710100E1B2C3 /* UITableView+Ext.swift */ = {isa = PBXFileReference; lastKnownFileType = sourcecode.swift; path = "UITableView+Ext.swift"; sourceTree = "<group>"; };
		F1320D4B2AB8974E00D930B2 /* SettingsVC.swift */ = {isa = PBXFileReference; lastKnownFileType = sourcecode.swift; path = SettingsVC.swift; sourceTree = "<group>"; };
		F13F07B12A8AC9E600848C7B /* NetworkManager.swift */ = {isa = PBXFileReference; lastKnownFileType = sourcecode.swift; path = NetworkManager.swift; sourceTree = "<group>"; };
		F13F07B42A8ADC4700848C7B /* GFError.swift */ = {isa = PBXFileReference; lastKnownFileType = sourcecode.swift; path = GFError.swift; sourceTree = "<group>"; };
		F13F07B72A8B050500848C7B /* FollowerCell.swift */ = {isa = PBXFileReference; lastKnownFileType = sourcecode.swift; path = FollowerCell.swift; sourceTree = "<group>"; };
		F13F07B92A8B058600848C7B /* GFAvatarImageView.swift */ = {isa = PBXFileReference; lastKnownFileType = sourcecode.swift; path = GFAvatarImageView.swift; sourceTree = "<group>"; };
		F1482A172A844D9800928153 /* SearchVC.swift */ = {isa = PBXFileReference; lastKnownFileType = sourcecode.swift; path = SearchVC.swift; sourceTree = "<group>"; };
		F1482A192A844DF800928153 /* FavoritesListVC.swift */ = {isa = PBXFileReference; lastKnownFileType = sourcecode.swift; path = FavoritesListVC.swift; sourceTree = "<group>"; };
		F1482A1B2A8459CB00928153 /* GFButton.swift */ = {isa = PBXFileReference; lastKnownFileType = sourcecode.swift; path = GFButton.swift; sourceTree = "<group>"; };
		F1482A1D2A845C8A00928153 /* GFTextField.swift */ = {isa = PBXFileReference; lastKnownFileType = sourcecode.swift; path = GFTextField.swift; sourceTree = "<group>"; };
		F1662E402A97FD7D0079697B /* GFSecondaryTitleLabel.swift */ = {isa = PBXFileReference; lastKnownFileType = sourcecode.swift; path = GFSecondaryTitleLabel.swift; sourceTree = "<group>"; };
		F1662E422A97FDFE0079697B /* GFUserInfoHeaderVC.swift */ = {isa = PBXFileReference; lastKnownFileType = sourcecode.swift; path = GFUserInfoHeaderVC.swift; sourceTree = "<group>"; };
		F1662E442A9816090079697B /* SFSymbols.swift */ = {isa = PBXFileReference; lastKnownFileType = sourcecode.swift; path = SFSymbols.swift; sourceTree = "<group>"; };
		F17170972A8981480085694D /* User.swift */ = {isa = PBXFileReference; lastKnownFileType = sourcecode.swift; path = User.swift; sourceTree = "<group>"; };
		F17170992A89819A0085694D /* Follower.swift */ = {isa = PBXFileReference; lastKnownFileType = sourcecode.swift; path = Follower.swift; sourceTree = "<group>"; };
		F17C4B3F2A88502B002401E6 /* FollowerListVC.swift */ = {isa = PBXFileReference; lastKnownFileType = sourcecode.swift; path = FollowerListVC.swift; sourceTree = "<group>"; };
		F17D32EC2A940AC4008F19F7 /* UIHelper.swift */ = {isa = PBXFileReference; lastKnownFileType = sourcecode.swift; path = UIHelper.swift; sourceTree = "<group>"; };
		F186DEF92A9A9A1B00D49238 /* GFItemInfoView.swift */ = {isa = PBXFileReference; lastKnownFileType = sourcecode.swift; path = GFItemInfoView.swift; sourceTree = "<group>"; };
		F186DEFB2A9A9F0100D49238 /* GFItemInfoVC.swift */ = {isa = PBXFileReference; lastKnownFileType = sourcecode.swift; path = GFItemInfoVC.swift; sourceTree = "<group>"; };
		F186DEFD2A9AA23F00D49238 /* GFRepoItemVC.swift */ = {isa = PBXFileReference; lastKnownFileType = sourcecode.swift; path = GFRepoItemVC.swift; sourceTree = "<group>"; };
		F186DEFF2A9AA3D300D49238 /* GFFollwerItemVC.swift */ = {isa = PBXFileReference; lastKnownFileType = sourcecode.swift; path = GFFollwerItemVC.swift; sourceTree = "<group>"; };
		F186DF022A9AB0AD00D49238 /* Date+Ext.swift */ = {isa = PBXFileReference; lastKnownFileType = sourcecode.swift; path = "Date+Ext.swift"; sourceTree = "<group>"; };
		F186DF072A9ABD2E00D49238 /* URLSchemeTypes.swift */ = {isa = PBXFileReference; lastKnownFileType = sourcecode.swift; path = URLSchemeTypes.swift; sourceTree = "<group>"; };
		F1960D062A9430C0005BA238 /* GFEmptyStateView.swift */ = {isa = PBXFileReference; lastKnownFileType = sourcecode.swift; path = GFEmptyStateView.swift; sourceTree = "<group>"; };
		F19893732A8EDC5A00572DDD /* FollowerView.swift */ = {isa = PBXFileReference; lastKnownFileType = sourcecode.swift; path = FollowerView.swift; sourceTree = "<group>"; };
		F1A9F2822B0FF448008FAC25 /* Localizable.xcstrings */ = {isa = PBXFileReference; lastKnownFileType = text.json.xcstrings; path = Localizable.xcstrings; sourceTree = "<group>"; };
		F1A9F2842B0FF48D008FAC25 /* InfoPlist.xcstrings */ = {isa = PBXFileReference; lastKnownFileType = text.json.xcstrings; path = InfoPlist.xcstrings; sourceTree = "<group>"; };
		F1A9F2862B0FF97C008FAC25 /* ChangeLanguageVC.swift */ = {isa = PBXFileReference; lastKnownFileType = sourcecode.swift; path = ChangeLanguageVC.swift; sourceTree = "<group>"; };
		F1C5250E2ABBAAF600345DFE /* GFThemeCard.swift */ = {isa = PBXFileReference; lastKnownFileType = sourcecode.swift; path = GFThemeCard.swift; sourceTree = "<group>"; };
		F1C525102ABBC26200345DFE /* GFLanguageCard.swift */ = {isa = PBXFileReference; lastKnownFileType = sourcecode.swift; path = GFLanguageCard.swift; sourceTree = "<group>"; };
		F1C574472AA52CDA004DDD1D /* UIView+Ext.swift */ = {isa = PBXFileReference; lastKnownFileType = sourcecode.swift; path = "UIView+Ext.swift"; sourceTree = "<group>"; };
		F1D4989E2A88F78F007118BA /* GFTitleLabel.swift */ = {isa = PBXFileReference; lastKnownFileType = sourcecode.swift; path = GFTitleLabel.swift; sourceTree = "<group>"; };
		F1D498A02A88F93C007118BA /* GFBodyLabel.swift */ = {isa = PBXFileReference; lastKnownFileType = sourcecode.swift; path = GFBodyLabel.swift; sourceTree = "<group>"; };
		F1D498A22A88FA30007118BA /* GFAlertVC.swift */ = {isa = PBXFileReference; lastKnownFileType = sourcecode.swift; path = GFAlertVC.swift; sourceTree = "<group>"; };
		F1D498A42A89010A007118BA /* UIViewController+Ext.swift */ = {isa = PBXFileReference; lastKnownFileType = sourcecode.swift; path = "UIViewController+Ext.swift"; sourceTree = "<group>"; };
		F1D591A52A96E22C007EBC89 /* UserInfoVC.swift */ = {isa = PBXFileReference; lastKnownFileType = sourcecode.swift; path = UserInfoVC.swift; sourceTree = "<group>"; };
		F1DC111E2A9FF04100CBBA82 /* FavoriteCell.swift */ = {isa = PBXFileReference; lastKnownFileType = sourcecode.swift; path = FavoriteCell.swift; sourceTree = "<group>"; };
		F1DC11212AA0093200CBBA82 /* GFTabBarControler.swift */ = {isa = PBXFileReference; lastKnownFileType = sourcecode.swift; path = GFTabBarControler.swift; sourceTree = "<group>"; };
		F1DC11232AA0161300CBBA82 /* ScreenSizeAndDeviceTypes.swift */ = {isa = PBXFileReference; lastKnownFileType = sourcecode.swift; path = ScreenSizeAndDeviceTypes.swift; sourceTree = "<group>"; };
		F1E4B01A2A83030A003BE4B0 /* GithubFollowers.app */ = {isa = PBXFileReference; explicitFileType = wrapper.application; includeInIndex = 0; path = GithubFollowers.app; sourceTree = BUILT_PRODUCTS_DIR; };
		F1E4B01D2A83030A003BE4B0 /* AppDelegate.swift */ = {isa = PBXFileReference; lastKnownFileType = sourcecode.swift; path = AppDelegate.swift; sourceTree = "<group>"; };
		F1E4B01F2A83030A003BE4B0 /* SceneDelegate.swift */ = {isa = PBXFileReference; lastKnownFileType = sourcecode.swift; path = SceneDelegate.swift; sourceTree = "<group>"; };
		F1E4B0262A83030B003BE4B0 /* Assets.xcassets */ = {isa = PBXFileReference; lastKnownFileType = folder.assetcatalog; path = Assets.xcassets; sourceTree = "<group>"; };
		F1E4B02B2A83030B003BE4B0 /* Info.plist */ = {isa = PBXFileReference; lastKnownFileType = text.plist.xml; name = Info.plist; path = GithubFollowers/Supports/Info.plist; sourceTree = SOURCE_ROOT; };
		F1E8049B2A9EB93200A8E6F6 /* PersistenceManager.swift */ = {isa = PBXFileReference; lastKnownFileType = sourcecode.swift; path = PersistenceManager.swift; sourceTree = "<group>"; };
/* End PBXFileReference section */

/* Begin PBXFrameworksBuildPhase section */
		F1E4B0172A83030A003BE4B0 /* Frameworks */ = {
			isa = PBXFrameworksBuildPhase;
			buildActionMask = 2147483647;
			files = (
			);
			runOnlyForDeploymentPostprocessing = 0;
		};
/* End PBXFrameworksBuildPhase section */

/* Begin PBXGroup section */
		F1102F782AE317BF0080823E /* Localization */ = {
			isa = PBXGroup;
			children = (
				F1A9F2822B0FF448008FAC25 /* Localizable.xcstrings */,
			);
			path = Localization;
			sourceTree = "<group>";
		};
		F1320D4D2AB8992700D930B2 /* Cards */ = {
			isa = PBXGroup;
			children = (
				F1C5250E2ABBAAF600345DFE /* GFThemeCard.swift */,
				F1C525102ABBC26200345DFE /* GFLanguageCard.swift */,
			);
			path = Cards;
			sourceTree = "<group>";
		};
		F13F07B02A8AC9D800848C7B /* Managers */ = {
			isa = PBXGroup;
			children = (
				F13F07B12A8AC9E600848C7B /* NetworkManager.swift */,
				F1E8049B2A9EB93200A8E6F6 /* PersistenceManager.swift */,
			);
			path = Managers;
			sourceTree = "<group>";
		};
		F13F07B32A8ADC3C00848C7B /* Utilities */ = {
			isa = PBXGroup;
			children = (
				F13F07B42A8ADC4700848C7B /* GFError.swift */,
				F17D32EC2A940AC4008F19F7 /* UIHelper.swift */,
			);
			path = Utilities;
			sourceTree = "<group>";
		};
		F13F07B62A8B04EB00848C7B /* Cells */ = {
			isa = PBXGroup;
			children = (
				F1DC111D2A9FF02100CBBA82 /* FavroiteCell */,
				F19893722A8EDC4900572DDD /* FollowerCell */,
			);
			path = Cells;
			sourceTree = "<group>";
		};
		F13F07BB2A8B06C400848C7B /* Labels */ = {
			isa = PBXGroup;
			children = (
				F1D4989E2A88F78F007118BA /* GFTitleLabel.swift */,
				F1D498A02A88F93C007118BA /* GFBodyLabel.swift */,
				F1662E402A97FD7D0079697B /* GFSecondaryTitleLabel.swift */,
			);
			path = Labels;
			sourceTree = "<group>";
		};
		F13F07BC2A8B06CD00848C7B /* Buttons */ = {
			isa = PBXGroup;
			children = (
				F1482A1B2A8459CB00928153 /* GFButton.swift */,
			);
			path = Buttons;
			sourceTree = "<group>";
		};
		F13F07BD2A8B06D800848C7B /* TextFields */ = {
			isa = PBXGroup;
			children = (
				F1482A1D2A845C8A00928153 /* GFTextField.swift */,
			);
			path = TextFields;
			sourceTree = "<group>";
		};
		F13F07BE2A8B06E400848C7B /* Images */ = {
			isa = PBXGroup;
			children = (
				F13F07B92A8B058600848C7B /* GFAvatarImageView.swift */,
			);
			path = Images;
			sourceTree = "<group>";
		};
		F1662E462A98160D0079697B /* Constants */ = {
			isa = PBXGroup;
			children = (
				F1662E442A9816090079697B /* SFSymbols.swift */,
				F1DC11232AA0161300CBBA82 /* ScreenSizeAndDeviceTypes.swift */,
				F107A1CB2AA1313100A43B12 /* Images.swift */,
			);
			path = Constants;
			sourceTree = "<group>";
		};
		F17170962A89813F0085694D /* Models */ = {
			isa = PBXGroup;
			children = (
				F17170972A8981480085694D /* User.swift */,
				F17170992A89819A0085694D /* Follower.swift */,
			);
			path = Models;
			sourceTree = "<group>";
		};
		F186DF012A9AA41D00D49238 /* ItemInfoVCs */ = {
			isa = PBXGroup;
			children = (
				F186DEFB2A9A9F0100D49238 /* GFItemInfoVC.swift */,
				F186DEFD2A9AA23F00D49238 /* GFRepoItemVC.swift */,
				F186DEFF2A9AA3D300D49238 /* GFFollwerItemVC.swift */,
			);
			path = ItemInfoVCs;
			sourceTree = "<group>";
		};
		F186DF062A9ABD1800D49238 /* Enums */ = {
			isa = PBXGroup;
			children = (
				F186DF072A9ABD2E00D49238 /* URLSchemeTypes.swift */,
			);
			path = Enums;
			sourceTree = "<group>";
		};
		F1960D042A943071005BA238 /* Views */ = {
			isa = PBXGroup;
			children = (
				F1960D062A9430C0005BA238 /* GFEmptyStateView.swift */,
				F186DEF92A9A9A1B00D49238 /* GFItemInfoView.swift */,
				F107A1CD2AA1690200A43B12 /* GFAlertContainerView.swift */,
			);
			path = Views;
			sourceTree = "<group>";
		};
		F1960D052A943089005BA238 /* ViewControllers */ = {
			isa = PBXGroup;
			children = (
				F186DF012A9AA41D00D49238 /* ItemInfoVCs */,
				F1D498A22A88FA30007118BA /* GFAlertVC.swift */,
				F1662E422A97FDFE0079697B /* GFUserInfoHeaderVC.swift */,
				F107A1CF2AA16F8F00A43B12 /* GFDataLoadingVC.swift */,
			);
			path = ViewControllers;
			sourceTree = "<group>";
		};
		F19893722A8EDC4900572DDD /* FollowerCell */ = {
			isa = PBXGroup;
			children = (
				F13F07B72A8B050500848C7B /* FollowerCell.swift */,
				F19893732A8EDC5A00572DDD /* FollowerView.swift */,
			);
			path = FollowerCell;
			sourceTree = "<group>";
		};
		F1D498A62A890EEC007118BA /* Extensions */ = {
			isa = PBXGroup;
			children = (
				F1D498A42A89010A007118BA /* UIViewController+Ext.swift */,
				F186DF022A9AB0AD00D49238 /* Date+Ext.swift */,
				F1C574472AA52CDA004DDD1D /* UIView+Ext.swift */,
				F13090092AB6710100E1B2C3 /* UITableView+Ext.swift */,
			);
			path = Extensions;
			sourceTree = "<group>";
		};
		F1D498A72A890F25007118BA /* Screens */ = {
			isa = PBXGroup;
			children = (
				F1482A192A844DF800928153 /* FavoritesListVC.swift */,
				F1482A172A844D9800928153 /* SearchVC.swift */,
				F17C4B3F2A88502B002401E6 /* FollowerListVC.swift */,
				F1D591A52A96E22C007EBC89 /* UserInfoVC.swift */,
				F1320D4B2AB8974E00D930B2 /* SettingsVC.swift */,
				F1A9F2862B0FF97C008FAC25 /* ChangeLanguageVC.swift */,
			);
			path = Screens;
			sourceTree = "<group>";
		};
		F1D498A82A890F3B007118BA /* Custom Views */ = {
			isa = PBXGroup;
			children = (
				F1320D4D2AB8992700D930B2 /* Cards */,
				F1DC11202AA0090600CBBA82 /* TabBarControllers */,
				F1960D052A943089005BA238 /* ViewControllers */,
				F1960D042A943071005BA238 /* Views */,
				F13F07BE2A8B06E400848C7B /* Images */,
				F13F07BD2A8B06D800848C7B /* TextFields */,
				F13F07BC2A8B06CD00848C7B /* Buttons */,
				F13F07BB2A8B06C400848C7B /* Labels */,
				F13F07B62A8B04EB00848C7B /* Cells */,
			);
			path = "Custom Views";
			sourceTree = "<group>";
		};
		F1D498A92A890F62007118BA /* Supports */ = {
			isa = PBXGroup;
			children = (
				F1E4B01D2A83030A003BE4B0 /* AppDelegate.swift */,
				F1E4B01F2A83030A003BE4B0 /* SceneDelegate.swift */,
				F1E4B0262A83030B003BE4B0 /* Assets.xcassets */,
				F1E4B0282A83030B003BE4B0 /* LaunchScreen.storyboard */,
				F1E4B02B2A83030B003BE4B0 /* Info.plist */,
				F1A9F2842B0FF48D008FAC25 /* InfoPlist.xcstrings */,
			);
			path = Supports;
			sourceTree = "<group>";
		};
		F1DC111D2A9FF02100CBBA82 /* FavroiteCell */ = {
			isa = PBXGroup;
			children = (
				F1DC111E2A9FF04100CBBA82 /* FavoriteCell.swift */,
			);
			path = FavroiteCell;
			sourceTree = "<group>";
		};
		F1DC11202AA0090600CBBA82 /* TabBarControllers */ = {
			isa = PBXGroup;
			children = (
				F1DC11212AA0093200CBBA82 /* GFTabBarControler.swift */,
			);
			path = TabBarControllers;
			sourceTree = "<group>";
		};
		F1E4B0112A83030A003BE4B0 = {
			isa = PBXGroup;
			children = (
				F1E4B01C2A83030A003BE4B0 /* GithubFollowers */,
				F1E4B01B2A83030A003BE4B0 /* Products */,
			);
			sourceTree = "<group>";
		};
		F1E4B01B2A83030A003BE4B0 /* Products */ = {
			isa = PBXGroup;
			children = (
				F1E4B01A2A83030A003BE4B0 /* GithubFollowers.app */,
			);
			name = Products;
			sourceTree = "<group>";
		};
		F1E4B01C2A83030A003BE4B0 /* GithubFollowers */ = {
			isa = PBXGroup;
			children = (
				F1102F782AE317BF0080823E /* Localization */,
				F186DF062A9ABD1800D49238 /* Enums */,
				F1662E462A98160D0079697B /* Constants */,
				F1D498A92A890F62007118BA /* Supports */,
				F13F07B32A8ADC3C00848C7B /* Utilities */,
				F13F07B02A8AC9D800848C7B /* Managers */,
				F17170962A89813F0085694D /* Models */,
				F1D498A62A890EEC007118BA /* Extensions */,
				F1D498A82A890F3B007118BA /* Custom Views */,
				F1D498A72A890F25007118BA /* Screens */,
			);
			path = GithubFollowers;
			sourceTree = "<group>";
		};
/* End PBXGroup section */

/* Begin PBXNativeTarget section */
		F1E4B0192A83030A003BE4B0 /* GithubFollowers */ = {
			isa = PBXNativeTarget;
			buildConfigurationList = F1E4B02E2A83030B003BE4B0 /* Build configuration list for PBXNativeTarget "GithubFollowers" */;
			buildPhases = (
				F1E4B0162A83030A003BE4B0 /* Sources */,
				F1E4B0172A83030A003BE4B0 /* Frameworks */,
				F1E4B0182A83030A003BE4B0 /* Resources */,
			);
			buildRules = (
			);
			dependencies = (
			);
			name = GithubFollowers;
			productName = GithubFollowers;
			productReference = F1E4B01A2A83030A003BE4B0 /* GithubFollowers.app */;
			productType = "com.apple.product-type.application";
		};
/* End PBXNativeTarget section */

/* Begin PBXProject section */
		F1E4B0122A83030A003BE4B0 /* Project object */ = {
			isa = PBXProject;
			attributes = {
				BuildIndependentTargetsInParallel = 1;
				LastSwiftUpdateCheck = 1430;
				LastUpgradeCheck = 1430;
				TargetAttributes = {
					F1E4B0192A83030A003BE4B0 = {
						CreatedOnToolsVersion = 14.3.1;
					};
				};
			};
			buildConfigurationList = F1E4B0152A83030A003BE4B0 /* Build configuration list for PBXProject "GithubFollowers" */;
			compatibilityVersion = "Xcode 14.0";
			developmentRegion = en;
			hasScannedForEncodings = 0;
			knownRegions = (
				en,
				tr,
				Base,
			);
			mainGroup = F1E4B0112A83030A003BE4B0;
			productRefGroup = F1E4B01B2A83030A003BE4B0 /* Products */;
			projectDirPath = "";
			projectRoot = "";
			targets = (
				F1E4B0192A83030A003BE4B0 /* GithubFollowers */,
			);
		};
/* End PBXProject section */

/* Begin PBXResourcesBuildPhase section */
		F1E4B0182A83030A003BE4B0 /* Resources */ = {
			isa = PBXResourcesBuildPhase;
			buildActionMask = 2147483647;
			files = (
				F1E4B02A2A83030B003BE4B0 /* LaunchScreen.storyboard in Resources */,
				F1A9F2832B0FF448008FAC25 /* Localizable.xcstrings in Resources */,
				F1A9F2852B0FF48D008FAC25 /* InfoPlist.xcstrings in Resources */,
				F1E4B0272A83030B003BE4B0 /* Assets.xcassets in Resources */,
			);
			runOnlyForDeploymentPostprocessing = 0;
		};
/* End PBXResourcesBuildPhase section */

/* Begin PBXSourcesBuildPhase section */
		F1E4B0162A83030A003BE4B0 /* Sources */ = {
			isa = PBXSourcesBuildPhase;
			buildActionMask = 2147483647;
			files = (
				F186DF002A9AA3D300D49238 /* GFFollwerItemVC.swift in Sources */,
				F1482A1E2A845C8A00928153 /* GFTextField.swift in Sources */,
				F1482A1A2A844DF800928153 /* FavoritesListVC.swift in Sources */,
				F1960D072A9430C0005BA238 /* GFEmptyStateView.swift in Sources */,
				F1482A1C2A8459CB00928153 /* GFButton.swift in Sources */,
				F186DF082A9ABD2F00D49238 /* URLSchemeTypes.swift in Sources */,
				F1C574482AA52CDA004DDD1D /* UIView+Ext.swift in Sources */,
				F1D498A52A89010A007118BA /* UIViewController+Ext.swift in Sources */,
				F1C5250F2ABBAAF600345DFE /* GFThemeCard.swift in Sources */,
				F1482A182A844D9800928153 /* SearchVC.swift in Sources */,
				F13F07BA2A8B058600848C7B /* GFAvatarImageView.swift in Sources */,
				F1D498A32A88FA30007118BA /* GFAlertVC.swift in Sources */,
				F1D498A12A88F93C007118BA /* GFBodyLabel.swift in Sources */,
				F13F07B82A8B050500848C7B /* FollowerCell.swift in Sources */,
				F13F07B52A8ADC4700848C7B /* GFError.swift in Sources */,
				F107A1CC2AA1313100A43B12 /* Images.swift in Sources */,
				F1C525112ABBC26200345DFE /* GFLanguageCard.swift in Sources */,
				F1D591A62A96E22C007EBC89 /* UserInfoVC.swift in Sources */,
				F186DEFE2A9AA23F00D49238 /* GFRepoItemVC.swift in Sources */,
				F171709A2A89819A0085694D /* Follower.swift in Sources */,
				F130900A2AB6710100E1B2C3 /* UITableView+Ext.swift in Sources */,
				F1D4989F2A88F78F007118BA /* GFTitleLabel.swift in Sources */,
				F19893742A8EDC5A00572DDD /* FollowerView.swift in Sources */,
				F1662E432A97FDFE0079697B /* GFUserInfoHeaderVC.swift in Sources */,
				F1E8049C2A9EB93200A8E6F6 /* PersistenceManager.swift in Sources */,
				F1DC11242AA0161300CBBA82 /* ScreenSizeAndDeviceTypes.swift in Sources */,
				F1662E412A97FD7D0079697B /* GFSecondaryTitleLabel.swift in Sources */,
				F17170982A8981480085694D /* User.swift in Sources */,
				F1DC111F2A9FF04100CBBA82 /* FavoriteCell.swift in Sources */,
				F186DEFC2A9A9F0100D49238 /* GFItemInfoVC.swift in Sources */,
				F13F07B22A8AC9E600848C7B /* NetworkManager.swift in Sources */,
				F1320D4C2AB8974E00D930B2 /* SettingsVC.swift in Sources */,
				F17D32ED2A940AC4008F19F7 /* UIHelper.swift in Sources */,
				F107A1D02AA16F8F00A43B12 /* GFDataLoadingVC.swift in Sources */,
				F1DC11222AA0093200CBBA82 /* GFTabBarControler.swift in Sources */,
				F186DF032A9AB0AD00D49238 /* Date+Ext.swift in Sources */,
				F1A9F2872B0FF97C008FAC25 /* ChangeLanguageVC.swift in Sources */,
				F1662E452A9816090079697B /* SFSymbols.swift in Sources */,
				F17C4B402A88502B002401E6 /* FollowerListVC.swift in Sources */,
				F107A1CE2AA1690200A43B12 /* GFAlertContainerView.swift in Sources */,
				F186DEFA2A9A9A1B00D49238 /* GFItemInfoView.swift in Sources */,
				F1E4B01E2A83030A003BE4B0 /* AppDelegate.swift in Sources */,
				F1E4B0202A83030A003BE4B0 /* SceneDelegate.swift in Sources */,
			);
			runOnlyForDeploymentPostprocessing = 0;
		};
/* End PBXSourcesBuildPhase section */

/* Begin PBXVariantGroup section */
		F1E4B0282A83030B003BE4B0 /* LaunchScreen.storyboard */ = {
			isa = PBXVariantGroup;
			children = (
				F1102F832AE318260080823E /* tr */,
				F1102F8A2AE326940080823E /* tr */,
			);
			name = LaunchScreen.storyboard;
			sourceTree = "<group>";
		};
/* End PBXVariantGroup section */

/* Begin XCBuildConfiguration section */
		F1E4B02C2A83030B003BE4B0 /* Debug */ = {
			isa = XCBuildConfiguration;
			buildSettings = {
				ALWAYS_SEARCH_USER_PATHS = NO;
				CLANG_ANALYZER_LOCALIZABILITY_NONLOCALIZED = YES;
				CLANG_ANALYZER_NONNULL = YES;
				CLANG_ANALYZER_NUMBER_OBJECT_CONVERSION = YES_AGGRESSIVE;
				CLANG_CXX_LANGUAGE_STANDARD = "gnu++20";
				CLANG_ENABLE_MODULES = YES;
				CLANG_ENABLE_OBJC_ARC = YES;
				CLANG_ENABLE_OBJC_WEAK = YES;
				CLANG_WARN_BLOCK_CAPTURE_AUTORELEASING = YES;
				CLANG_WARN_BOOL_CONVERSION = YES;
				CLANG_WARN_COMMA = YES;
				CLANG_WARN_CONSTANT_CONVERSION = YES;
				CLANG_WARN_DEPRECATED_OBJC_IMPLEMENTATIONS = YES;
				CLANG_WARN_DIRECT_OBJC_ISA_USAGE = YES_ERROR;
				CLANG_WARN_DOCUMENTATION_COMMENTS = YES;
				CLANG_WARN_EMPTY_BODY = YES;
				CLANG_WARN_ENUM_CONVERSION = YES;
				CLANG_WARN_INFINITE_RECURSION = YES;
				CLANG_WARN_INT_CONVERSION = YES;
				CLANG_WARN_NON_LITERAL_NULL_CONVERSION = YES;
				CLANG_WARN_OBJC_IMPLICIT_RETAIN_SELF = YES;
				CLANG_WARN_OBJC_LITERAL_CONVERSION = YES;
				CLANG_WARN_OBJC_ROOT_CLASS = YES_ERROR;
				CLANG_WARN_QUOTED_INCLUDE_IN_FRAMEWORK_HEADER = YES;
				CLANG_WARN_RANGE_LOOP_ANALYSIS = YES;
				CLANG_WARN_STRICT_PROTOTYPES = YES;
				CLANG_WARN_SUSPICIOUS_MOVE = YES;
				CLANG_WARN_UNGUARDED_AVAILABILITY = YES_AGGRESSIVE;
				CLANG_WARN_UNREACHABLE_CODE = YES;
				CLANG_WARN__DUPLICATE_METHOD_MATCH = YES;
				COPY_PHASE_STRIP = NO;
				DEBUG_INFORMATION_FORMAT = dwarf;
				ENABLE_STRICT_OBJC_MSGSEND = YES;
				ENABLE_TESTABILITY = YES;
				GCC_C_LANGUAGE_STANDARD = gnu11;
				GCC_DYNAMIC_NO_PIC = NO;
				GCC_NO_COMMON_BLOCKS = YES;
				GCC_OPTIMIZATION_LEVEL = 0;
				GCC_PREPROCESSOR_DEFINITIONS = (
					"DEBUG=1",
					"$(inherited)",
				);
				GCC_WARN_64_TO_32_BIT_CONVERSION = YES;
				GCC_WARN_ABOUT_RETURN_TYPE = YES_ERROR;
				GCC_WARN_UNDECLARED_SELECTOR = YES;
				GCC_WARN_UNINITIALIZED_AUTOS = YES_AGGRESSIVE;
				GCC_WARN_UNUSED_FUNCTION = YES;
				GCC_WARN_UNUSED_VARIABLE = YES;
				IPHONEOS_DEPLOYMENT_TARGET = 16.4;
				MTL_ENABLE_DEBUG_INFO = INCLUDE_SOURCE;
				MTL_FAST_MATH = YES;
				ONLY_ACTIVE_ARCH = YES;
				SDKROOT = iphoneos;
				SWIFT_ACTIVE_COMPILATION_CONDITIONS = DEBUG;
				SWIFT_OPTIMIZATION_LEVEL = "-Onone";
			};
			name = Debug;
		};
		F1E4B02D2A83030B003BE4B0 /* Release */ = {
			isa = XCBuildConfiguration;
			buildSettings = {
				ALWAYS_SEARCH_USER_PATHS = NO;
				CLANG_ANALYZER_LOCALIZABILITY_NONLOCALIZED = YES;
				CLANG_ANALYZER_NONNULL = YES;
				CLANG_ANALYZER_NUMBER_OBJECT_CONVERSION = YES_AGGRESSIVE;
				CLANG_CXX_LANGUAGE_STANDARD = "gnu++20";
				CLANG_ENABLE_MODULES = YES;
				CLANG_ENABLE_OBJC_ARC = YES;
				CLANG_ENABLE_OBJC_WEAK = YES;
				CLANG_WARN_BLOCK_CAPTURE_AUTORELEASING = YES;
				CLANG_WARN_BOOL_CONVERSION = YES;
				CLANG_WARN_COMMA = YES;
				CLANG_WARN_CONSTANT_CONVERSION = YES;
				CLANG_WARN_DEPRECATED_OBJC_IMPLEMENTATIONS = YES;
				CLANG_WARN_DIRECT_OBJC_ISA_USAGE = YES_ERROR;
				CLANG_WARN_DOCUMENTATION_COMMENTS = YES;
				CLANG_WARN_EMPTY_BODY = YES;
				CLANG_WARN_ENUM_CONVERSION = YES;
				CLANG_WARN_INFINITE_RECURSION = YES;
				CLANG_WARN_INT_CONVERSION = YES;
				CLANG_WARN_NON_LITERAL_NULL_CONVERSION = YES;
				CLANG_WARN_OBJC_IMPLICIT_RETAIN_SELF = YES;
				CLANG_WARN_OBJC_LITERAL_CONVERSION = YES;
				CLANG_WARN_OBJC_ROOT_CLASS = YES_ERROR;
				CLANG_WARN_QUOTED_INCLUDE_IN_FRAMEWORK_HEADER = YES;
				CLANG_WARN_RANGE_LOOP_ANALYSIS = YES;
				CLANG_WARN_STRICT_PROTOTYPES = YES;
				CLANG_WARN_SUSPICIOUS_MOVE = YES;
				CLANG_WARN_UNGUARDED_AVAILABILITY = YES_AGGRESSIVE;
				CLANG_WARN_UNREACHABLE_CODE = YES;
				CLANG_WARN__DUPLICATE_METHOD_MATCH = YES;
				COPY_PHASE_STRIP = NO;
				DEBUG_INFORMATION_FORMAT = "dwarf-with-dsym";
				ENABLE_NS_ASSERTIONS = NO;
				ENABLE_STRICT_OBJC_MSGSEND = YES;
				GCC_C_LANGUAGE_STANDARD = gnu11;
				GCC_NO_COMMON_BLOCKS = YES;
				GCC_WARN_64_TO_32_BIT_CONVERSION = YES;
				GCC_WARN_ABOUT_RETURN_TYPE = YES_ERROR;
				GCC_WARN_UNDECLARED_SELECTOR = YES;
				GCC_WARN_UNINITIALIZED_AUTOS = YES_AGGRESSIVE;
				GCC_WARN_UNUSED_FUNCTION = YES;
				GCC_WARN_UNUSED_VARIABLE = YES;
				IPHONEOS_DEPLOYMENT_TARGET = 16.4;
				MTL_ENABLE_DEBUG_INFO = NO;
				MTL_FAST_MATH = YES;
				SDKROOT = iphoneos;
				SWIFT_COMPILATION_MODE = wholemodule;
				SWIFT_OPTIMIZATION_LEVEL = "-O";
				VALIDATE_PRODUCT = YES;
			};
			name = Release;
		};
		F1E4B02F2A83030B003BE4B0 /* Debug */ = {
			isa = XCBuildConfiguration;
			buildSettings = {
				ASSETCATALOG_COMPILER_APPICON_NAME = AppIcon;
				ASSETCATALOG_COMPILER_GLOBAL_ACCENT_COLOR_NAME = AccentColor;
				CODE_SIGN_STYLE = Automatic;
				CURRENT_PROJECT_VERSION = 1;
				DEVELOPMENT_TEAM = T6938DY6DS;
				GENERATE_INFOPLIST_FILE = YES;
				INFOPLIST_FILE = GithubFollowers/Supports/Info.plist;
				INFOPLIST_KEY_UIApplicationSupportsIndirectInputEvents = YES;
				INFOPLIST_KEY_UILaunchStoryboardName = LaunchScreen;
				INFOPLIST_KEY_UIStatusBarStyle = "";
				INFOPLIST_KEY_UISupportedInterfaceOrientations = UIInterfaceOrientationPortrait;
				LD_RUNPATH_SEARCH_PATHS = (
					"$(inherited)",
					"@executable_path/Frameworks",
				);
				MARKETING_VERSION = 1.0;
				PRODUCT_BUNDLE_IDENTIFIER = com.archeva.GithubFollowers;
				PRODUCT_NAME = "$(TARGET_NAME)";
				SUPPORTED_PLATFORMS = "iphoneos iphonesimulator";
				SUPPORTS_MACCATALYST = NO;
				SUPPORTS_MAC_DESIGNED_FOR_IPHONE_IPAD = NO;
				SWIFT_EMIT_LOC_STRINGS = YES;
				SWIFT_VERSION = 5.0;
				TARGETED_DEVICE_FAMILY = 1;
			};
			name = Debug;
		};
		F1E4B0302A83030B003BE4B0 /* Release */ = {
			isa = XCBuildConfiguration;
			buildSettings = {
				ASSETCATALOG_COMPILER_APPICON_NAME = AppIcon;
				ASSETCATALOG_COMPILER_GLOBAL_ACCENT_COLOR_NAME = AccentColor;
				CODE_SIGN_STYLE = Automatic;
				CURRENT_PROJECT_VERSION = 1;
				DEVELOPMENT_TEAM = T6938DY6DS;
				GENERATE_INFOPLIST_FILE = YES;
				INFOPLIST_FILE = GithubFollowers/Supports/Info.plist;
				INFOPLIST_KEY_UIApplicationSupportsIndirectInputEvents = YES;
				INFOPLIST_KEY_UILaunchStoryboardName = LaunchScreen;
				INFOPLIST_KEY_UIStatusBarStyle = "";
				INFOPLIST_KEY_UISupportedInterfaceOrientations = UIInterfaceOrientationPortrait;
				LD_RUNPATH_SEARCH_PATHS = (
					"$(inherited)",
					"@executable_path/Frameworks",
				);
				MARKETING_VERSION = 1.0;
				PRODUCT_BUNDLE_IDENTIFIER = com.archeva.GithubFollowers;
				PRODUCT_NAME = "$(TARGET_NAME)";
				SUPPORTED_PLATFORMS = "iphoneos iphonesimulator";
				SUPPORTS_MACCATALYST = NO;
				SUPPORTS_MAC_DESIGNED_FOR_IPHONE_IPAD = NO;
				SWIFT_EMIT_LOC_STRINGS = YES;
				SWIFT_VERSION = 5.0;
				TARGETED_DEVICE_FAMILY = 1;
			};
			name = Release;
		};
/* End XCBuildConfiguration section */

/* Begin XCConfigurationList section */
		F1E4B0152A83030A003BE4B0 /* Build configuration list for PBXProject "GithubFollowers" */ = {
			isa = XCConfigurationList;
			buildConfigurations = (
				F1E4B02C2A83030B003BE4B0 /* Debug */,
				F1E4B02D2A83030B003BE4B0 /* Release */,
			);
			defaultConfigurationIsVisible = 0;
			defaultConfigurationName = Release;
		};
		F1E4B02E2A83030B003BE4B0 /* Build configuration list for PBXNativeTarget "GithubFollowers" */ = {
			isa = XCConfigurationList;
			buildConfigurations = (
				F1E4B02F2A83030B003BE4B0 /* Debug */,
				F1E4B0302A83030B003BE4B0 /* Release */,
			);
			defaultConfigurationIsVisible = 0;
			defaultConfigurationName = Release;
		};
/* End XCConfigurationList section */
	};
	rootObject = F1E4B0122A83030A003BE4B0 /* Project object */;
}
